
Microsoft Visual Studio Solution File, Format Version 12.00
# Visual Studio Version 17
VisualStudioVersion = 17.9.34728.123
MinimumVisualStudioVersion = 10.0.40219.1
Project("{2150E333-8FDC-42A3-9474-1A3956D46DE8}") = "src", "src", "{1961487C-25BA-47F8-B9DB-F32CC21FE940}"
EndProject
Project("{2150E333-8FDC-42A3-9474-1A3956D46DE8}") = "Core", "Core", "{F6B7415D-E28F-4878-B0B4-3CDE35367D86}"
EndProject
Project("{2150E333-8FDC-42A3-9474-1A3956D46DE8}") = "Infrastructure", "Infrastructure", "{B72A57C8-5058-4CB1-9FBD-7909AC368AE0}"
EndProject
Project("{2150E333-8FDC-42A3-9474-1A3956D46DE8}") = "Presentation", "Presentation", "{D74AC342-2DE5-4726-887C-3997BD96C7F0}"
EndProject
Global
	GlobalSection(SolutionProperties) = preSolution
		HideSolutionNode = FALSE
	EndGlobalSection
	GlobalSection(NestedProjects) = preSolution
		{F6B7415D-E28F-4878-B0B4-3CDE35367D86} = {1961487C-25BA-47F8-B9DB-F32CC21FE940}
		{B72A57C8-5058-4CB1-9FBD-7909AC368AE0} = {1961487C-25BA-47F8-B9DB-F32CC21FE940}
		{D74AC342-2DE5-4726-887C-3997BD96C7F0} = {1961487C-25BA-47F8-B9DB-F32CC21FE940}
	EndGlobalSection
	GlobalSection(ExtensibilityGlobals) = postSolution
		SolutionGuid = {1ADEB4F4-3BB5-46D5-9749-38DCD4526C8F}
	EndGlobalSection
EndGlobal
