
Microsoft Visual Studio Solution File, Format Version 12.00
# Visual Studio Version 17
VisualStudioVersion = 17.9.34728.123
MinimumVisualStudioVersion = 10.0.40219.1
Project("{2150E333-8FDC-42A3-9474-1A3956D46DE8}") = "src", "src", "{1961487C-25BA-47F8-B9DB-F32CC21FE940}"
EndProject
Project("{2150E333-8FDC-42A3-9474-1A3956D46DE8}") = "Core", "Core", "{F6B7415D-E28F-4878-B0B4-3CDE35367D86}"
EndProject
Project("{2150E333-8FDC-42A3-9474-1A3956D46DE8}") = "Infrastructure", "Infrastructure", "{B72A57C8-5058-4CB1-9FBD-7909AC368AE0}"
EndProject
Project("{2150E333-8FDC-42A3-9474-1A3956D46DE8}") = "Presentation", "Presentation", "{D74AC342-2DE5-4726-887C-3997BD96C7F0}"
EndProject
Project("{9A19103F-16F7-4668-BE54-9A1E7A4F7556}") = "Domain", "Domain\Domain.csproj", "{DA87F1A6-09B3-4D6D-A095-FCAABEC21AEF}"
EndProject
Project("{9A19103F-16F7-4668-BE54-9A1E7A4F7556}") = "Persistence", "Persistence\Persistence.csproj", "{6F55F525-4E36-48A4-9E9E-249EF231671B}"
EndProject
Project("{9A19103F-16F7-4668-BE54-9A1E7A4F7556}") = "Shared", "Shared\Shared.csproj", "{20D6807B-3ECA-4C37-BBDF-C085C1060348}"
EndProject
Project("{9A19103F-16F7-4668-BE54-9A1E7A4F7556}") = "WebAPI", "WebAPI\WebAPI.csproj", "{B6BD9252-FA9A-4CBE-AE20-96158215C80C}"
EndProject
Project("{9A19103F-16F7-4668-BE54-9A1E7A4F7556}") = "Application", "Application\Application.csproj", "{EB947FEF-68CB-4AF1-8B4F-C6F13C4FEB6F}"
EndProject
Project("{E53339B2-1760-4266-BCC7-CA923CBCF16C}") = "docker-compose", "docker-compose.dcproj", "{7821EBD5-FAB4-441B-B029-343F2FE85860}"
EndProject
Global
	GlobalSection(SolutionConfigurationPlatforms) = preSolution
		Debug|Any CPU = Debug|Any CPU
		Release|Any CPU = Release|Any CPU
	EndGlobalSection
	GlobalSection(ProjectConfigurationPlatforms) = postSolution
		{DA87F1A6-09B3-4D6D-A095-FCAABEC21AEF}.Debug|Any CPU.ActiveCfg = Debug|Any CPU
		{DA87F1A6-09B3-4D6D-A095-FCAABEC21AEF}.Debug|Any CPU.Build.0 = Debug|Any CPU
		{DA87F1A6-09B3-4D6D-A095-FCAABEC21AEF}.Release|Any CPU.ActiveCfg = Release|Any CPU
		{DA87F1A6-09B3-4D6D-A095-FCAABEC21AEF}.Release|Any CPU.Build.0 = Release|Any CPU
		{6F55F525-4E36-48A4-9E9E-249EF231671B}.Debug|Any CPU.ActiveCfg = Debug|Any CPU
		{6F55F525-4E36-48A4-9E9E-249EF231671B}.Debug|Any CPU.Build.0 = Debug|Any CPU
		{6F55F525-4E36-48A4-9E9E-249EF231671B}.Release|Any CPU.ActiveCfg = Release|Any CPU
		{6F55F525-4E36-48A4-9E9E-249EF231671B}.Release|Any CPU.Build.0 = Release|Any CPU
		{20D6807B-3ECA-4C37-BBDF-C085C1060348}.Debug|Any CPU.ActiveCfg = Debug|Any CPU
		{20D6807B-3ECA-4C37-BBDF-C085C1060348}.Debug|Any CPU.Build.0 = Debug|Any CPU
		{20D6807B-3ECA-4C37-BBDF-C085C1060348}.Release|Any CPU.ActiveCfg = Release|Any CPU
		{20D6807B-3ECA-4C37-BBDF-C085C1060348}.Release|Any CPU.Build.0 = Release|Any CPU
		{B6BD9252-FA9A-4CBE-AE20-96158215C80C}.Debug|Any CPU.ActiveCfg = Debug|Any CPU
		{B6BD9252-FA9A-4CBE-AE20-96158215C80C}.Debug|Any CPU.Build.0 = Debug|Any CPU
		{B6BD9252-FA9A-4CBE-AE20-96158215C80C}.Release|Any CPU.ActiveCfg = Release|Any CPU
		{B6BD9252-FA9A-4CBE-AE20-96158215C80C}.Release|Any CPU.Build.0 = Release|Any CPU
		{EB947FEF-68CB-4AF1-8B4F-C6F13C4FEB6F}.Debug|Any CPU.ActiveCfg = Debug|Any CPU
		{EB947FEF-68CB-4AF1-8B4F-C6F13C4FEB6F}.Debug|Any CPU.Build.0 = Debug|Any CPU
		{EB947FEF-68CB-4AF1-8B4F-C6F13C4FEB6F}.Release|Any CPU.ActiveCfg = Release|Any CPU
		{EB947FEF-68CB-4AF1-8B4F-C6F13C4FEB6F}.Release|Any CPU.Build.0 = Release|Any CPU
		{7821EBD5-FAB4-441B-B029-343F2FE85860}.Debug|Any CPU.ActiveCfg = Debug|Any CPU
		{7821EBD5-FAB4-441B-B029-343F2FE85860}.Debug|Any CPU.Build.0 = Debug|Any CPU
		{7821EBD5-FAB4-441B-B029-343F2FE85860}.Release|Any CPU.ActiveCfg = Release|Any CPU
		{7821EBD5-FAB4-441B-B029-343F2FE85860}.Release|Any CPU.Build.0 = Release|Any CPU
	EndGlobalSection
	GlobalSection(SolutionProperties) = preSolution
		HideSolutionNode = FALSE
	EndGlobalSection
	GlobalSection(NestedProjects) = preSolution
		{F6B7415D-E28F-4878-B0B4-3CDE35367D86} = {1961487C-25BA-47F8-B9DB-F32CC21FE940}
		{B72A57C8-5058-4CB1-9FBD-7909AC368AE0} = {1961487C-25BA-47F8-B9DB-F32CC21FE940}
		{D74AC342-2DE5-4726-887C-3997BD96C7F0} = {1961487C-25BA-47F8-B9DB-F32CC21FE940}
		{DA87F1A6-09B3-4D6D-A095-FCAABEC21AEF} = {F6B7415D-E28F-4878-B0B4-3CDE35367D86}
		{6F55F525-4E36-48A4-9E9E-249EF231671B} = {B72A57C8-5058-4CB1-9FBD-7909AC368AE0}
		{20D6807B-3ECA-4C37-BBDF-C085C1060348} = {B72A57C8-5058-4CB1-9FBD-7909AC368AE0}
		{B6BD9252-FA9A-4CBE-AE20-96158215C80C} = {D74AC342-2DE5-4726-887C-3997BD96C7F0}
		{EB947FEF-68CB-4AF1-8B4F-C6F13C4FEB6F} = {F6B7415D-E28F-4878-B0B4-3CDE35367D86}
	EndGlobalSection
	GlobalSection(ExtensibilityGlobals) = postSolution
		SolutionGuid = {1ADEB4F4-3BB5-46D5-9749-38DCD4526C8F}
	EndGlobalSection
EndGlobal
